
Microsoft Visual Studio Solution File, Format Version 12.00
# Visual Studio 2017
Project("{FAE04EC0-301F-11D3-BF4B-00C04F79EFBC}") = "gamejam_crabTest", "gamejam_crabTest.csproj", "{DC841EA5-D574-77C1-40EA-44BE3EA908DA}"
EndProject
Project("{FAE04EC0-301F-11D3-BF4B-00C04F79EFBC}") = "gamejam_crabTest.Plugins", "gamejam_crabTest.Plugins.csproj", "{8EF0DB05-755E-6C95-4C46-2CC2E3EE891E}"
EndProject
Project("{FAE04EC0-301F-11D3-BF4B-00C04F79EFBC}") = "gamejam_crabTest.Editor", "gamejam_crabTest.Editor.csproj", "{5ED9FD52-D6B0-6962-1E5D-DE0E0ECCD64F}"
EndProject
Global
	GlobalSection(SolutionConfigurationPlatforms) = preSolution
		Debug|Any CPU = Debug|Any CPU
		Release|Any CPU = Release|Any CPU
	EndGlobalSection
	GlobalSection(ProjectConfigurationPlatforms) = postSolution
		{DC841EA5-D574-77C1-40EA-44BE3EA908DA}.Debug|Any CPU.ActiveCfg = Debug|Any CPU
		{DC841EA5-D574-77C1-40EA-44BE3EA908DA}.Debug|Any CPU.Build.0 = Debug|Any CPU
		{DC841EA5-D574-77C1-40EA-44BE3EA908DA}.Release|Any CPU.ActiveCfg = Release|Any CPU
		{DC841EA5-D574-77C1-40EA-44BE3EA908DA}.Release|Any CPU.Build.0 = Release|Any CPU
		{8EF0DB05-755E-6C95-4C46-2CC2E3EE891E}.Debug|Any CPU.ActiveCfg = Debug|Any CPU
		{8EF0DB05-755E-6C95-4C46-2CC2E3EE891E}.Debug|Any CPU.Build.0 = Debug|Any CPU
		{8EF0DB05-755E-6C95-4C46-2CC2E3EE891E}.Release|Any CPU.ActiveCfg = Release|Any CPU
		{8EF0DB05-755E-6C95-4C46-2CC2E3EE891E}.Release|Any CPU.Build.0 = Release|Any CPU
		{5ED9FD52-D6B0-6962-1E5D-DE0E0ECCD64F}.Debug|Any CPU.ActiveCfg = Debug|Any CPU
		{5ED9FD52-D6B0-6962-1E5D-DE0E0ECCD64F}.Debug|Any CPU.Build.0 = Debug|Any CPU
		{5ED9FD52-D6B0-6962-1E5D-DE0E0ECCD64F}.Release|Any CPU.ActiveCfg = Release|Any CPU
		{5ED9FD52-D6B0-6962-1E5D-DE0E0ECCD64F}.Release|Any CPU.Build.0 = Release|Any CPU
	EndGlobalSection
	GlobalSection(SolutionProperties) = preSolution
		HideSolutionNode = FALSE
	EndGlobalSection
EndGlobal
